
Microsoft Visual Studio Solution File, Format Version 12.00
# Visual Studio Version 17
VisualStudioVersion = 17.2.32616.157
MinimumVisualStudioVersion = 10.0.40219.1
Project("{FAE04EC0-301F-11D3-BF4B-00C04F79EFBC}") = "eTicket", "eTicket\eTicket.csproj", "{85BF5E87-3C4E-4CFB-8298-0D7C943EC461}"
EndProject
Global
	GlobalSection(SolutionConfigurationPlatforms) = preSolution
		Debug|Any CPU = Debug|Any CPU
		Release|Any CPU = Release|Any CPU
	EndGlobalSection
	GlobalSection(ProjectConfigurationPlatforms) = postSolution
		{85BF5E87-3C4E-4CFB-8298-0D7C943EC461}.Debug|Any CPU.ActiveCfg = Debug|Any CPU
		{85BF5E87-3C4E-4CFB-8298-0D7C943EC461}.Debug|Any CPU.Build.0 = Debug|Any CPU
		{85BF5E87-3C4E-4CFB-8298-0D7C943EC461}.Release|Any CPU.ActiveCfg = Release|Any CPU
		{85BF5E87-3C4E-4CFB-8298-0D7C943EC461}.Release|Any CPU.Build.0 = Release|Any CPU
	EndGlobalSection
	GlobalSection(SolutionProperties) = preSolution
		HideSolutionNode = FALSE
	EndGlobalSection
	GlobalSection(ExtensibilityGlobals) = postSolution
		SolutionGuid = {AF8C240C-7AC7-420C-AFA2-B76DF5998E75}
	EndGlobalSection
EndGlobal
